// !$*UTF8*$!
{
	archiveVersion = 1;
	classes = {
	};
	objectVersion = 56;
	objects = {

/* Begin PBXBuildFile section */
		CB5966E72997F84E00378ED2 /* NotesViewController.swift in Sources */ = {isa = PBXBuildFile; fileRef = CB5966E52997F84E00378ED2 /* NotesViewController.swift */; };
		CB5966E82997F84E00378ED2 /* NotesViewController.xib in Resources */ = {isa = PBXBuildFile; fileRef = CB5966E62997F84E00378ED2 /* NotesViewController.xib */; };
		CB5966EB2997F96000378ED2 /* FavoritesViewController.swift in Sources */ = {isa = PBXBuildFile; fileRef = CB5966E92997F96000378ED2 /* FavoritesViewController.swift */; };
		CB5966EC2997F96000378ED2 /* FavoritesViewController.xib in Resources */ = {isa = PBXBuildFile; fileRef = CB5966EA2997F96000378ED2 /* FavoritesViewController.xib */; };
		CB5966EF2997F99C00378ED2 /* RecentsViewController.swift in Sources */ = {isa = PBXBuildFile; fileRef = CB5966ED2997F99C00378ED2 /* RecentsViewController.swift */; };
		CB5966F02997F99C00378ED2 /* RecentsViewController.xib in Resources */ = {isa = PBXBuildFile; fileRef = CB5966EE2997F99C00378ED2 /* RecentsViewController.xib */; };
		CB5966F32997F9C700378ED2 /* TrashViewController.swift in Sources */ = {isa = PBXBuildFile; fileRef = CB5966F12997F9C700378ED2 /* TrashViewController.swift */; };
		CB5966F42997F9C700378ED2 /* TrashViewController.xib in Resources */ = {isa = PBXBuildFile; fileRef = CB5966F22997F9C700378ED2 /* TrashViewController.xib */; };
		CB5966F72997F9F700378ED2 /* AllNotesViewController.swift in Sources */ = {isa = PBXBuildFile; fileRef = CB5966F52997F9F700378ED2 /* AllNotesViewController.swift */; };
		CB5966F82997F9F700378ED2 /* AllNotesViewController.xib in Resources */ = {isa = PBXBuildFile; fileRef = CB5966F62997F9F700378ED2 /* AllNotesViewController.xib */; };
		CBB94EA029910BEB00FF0F8B /* AppDelegate.swift in Sources */ = {isa = PBXBuildFile; fileRef = CBB94E9F29910BEB00FF0F8B /* AppDelegate.swift */; };
		CBB94EA529910BEB00FF0F8B /* Motes.xcdatamodeld in Sources */ = {isa = PBXBuildFile; fileRef = CBB94EA329910BEB00FF0F8B /* Motes.xcdatamodeld */; };
		CBB94EA729910BEC00FF0F8B /* Assets.xcassets in Resources */ = {isa = PBXBuildFile; fileRef = CBB94EA629910BEC00FF0F8B /* Assets.xcassets */; };
		CBB94EB229910E9500FF0F8B /* WindowController.swift in Sources */ = {isa = PBXBuildFile; fileRef = CBB94EB129910E9500FF0F8B /* WindowController.swift */; };
		CBB94EB52991359B00FF0F8B /* Main.storyboard in Resources */ = {isa = PBXBuildFile; fileRef = CBB94EB32991359B00FF0F8B /* Main.storyboard */; };
		CBB94EB929914F1900FF0F8B /* WebViewController.swift in Sources */ = {isa = PBXBuildFile; fileRef = CBB94EB829914F1900FF0F8B /* WebViewController.swift */; };
		CBB94EBB2991510B00FF0F8B /* SidebarViewController.swift in Sources */ = {isa = PBXBuildFile; fileRef = CBB94EBA2991510B00FF0F8B /* SidebarViewController.swift */; };
		CBB94EBE299154A800FF0F8B /* bundle.js in Resources */ = {isa = PBXBuildFile; fileRef = CBB94EBC299154A800FF0F8B /* bundle.js */; };
		CBB94EBF299154A800FF0F8B /* index.html in Resources */ = {isa = PBXBuildFile; fileRef = CBB94EBD299154A800FF0F8B /* index.html */; };
		CBB94EC12992A94900FF0F8B /* global.css in Resources */ = {isa = PBXBuildFile; fileRef = CBB94EC02992A94900FF0F8B /* global.css */; };
/* End PBXBuildFile section */

/* Begin PBXFileReference section */
		CB5966E52997F84E00378ED2 /* NotesViewController.swift */ = {isa = PBXFileReference; lastKnownFileType = sourcecode.swift; path = NotesViewController.swift; sourceTree = "<group>"; };
		CB5966E62997F84E00378ED2 /* NotesViewController.xib */ = {isa = PBXFileReference; lastKnownFileType = file.xib; path = NotesViewController.xib; sourceTree = "<group>"; };
		CB5966E92997F96000378ED2 /* FavoritesViewController.swift */ = {isa = PBXFileReference; lastKnownFileType = sourcecode.swift; path = FavoritesViewController.swift; sourceTree = "<group>"; };
		CB5966EA2997F96000378ED2 /* FavoritesViewController.xib */ = {isa = PBXFileReference; lastKnownFileType = file.xib; path = FavoritesViewController.xib; sourceTree = "<group>"; };
		CB5966ED2997F99C00378ED2 /* RecentsViewController.swift */ = {isa = PBXFileReference; lastKnownFileType = sourcecode.swift; path = RecentsViewController.swift; sourceTree = "<group>"; };
		CB5966EE2997F99C00378ED2 /* RecentsViewController.xib */ = {isa = PBXFileReference; lastKnownFileType = file.xib; path = RecentsViewController.xib; sourceTree = "<group>"; };
		CB5966F12997F9C700378ED2 /* TrashViewController.swift */ = {isa = PBXFileReference; lastKnownFileType = sourcecode.swift; path = TrashViewController.swift; sourceTree = "<group>"; };
		CB5966F22997F9C700378ED2 /* TrashViewController.xib */ = {isa = PBXFileReference; lastKnownFileType = file.xib; path = TrashViewController.xib; sourceTree = "<group>"; };
		CB5966F52997F9F700378ED2 /* AllNotesViewController.swift */ = {isa = PBXFileReference; lastKnownFileType = sourcecode.swift; path = AllNotesViewController.swift; sourceTree = "<group>"; };
		CB5966F62997F9F700378ED2 /* AllNotesViewController.xib */ = {isa = PBXFileReference; lastKnownFileType = file.xib; path = AllNotesViewController.xib; sourceTree = "<group>"; };
		CBB94E9C29910BEB00FF0F8B /* Motes.app */ = {isa = PBXFileReference; explicitFileType = wrapper.application; includeInIndex = 0; path = Motes.app; sourceTree = BUILT_PRODUCTS_DIR; };
		CBB94E9F29910BEB00FF0F8B /* AppDelegate.swift */ = {isa = PBXFileReference; lastKnownFileType = sourcecode.swift; path = AppDelegate.swift; sourceTree = "<group>"; };
		CBB94EA429910BEB00FF0F8B /* Motes.xcdatamodel */ = {isa = PBXFileReference; lastKnownFileType = wrapper.xcdatamodel; path = Motes.xcdatamodel; sourceTree = "<group>"; };
		CBB94EA629910BEC00FF0F8B /* Assets.xcassets */ = {isa = PBXFileReference; lastKnownFileType = folder.assetcatalog; path = Assets.xcassets; sourceTree = "<group>"; };
		CBB94EAB29910BEC00FF0F8B /* Motes.entitlements */ = {isa = PBXFileReference; lastKnownFileType = text.plist.entitlements; path = Motes.entitlements; sourceTree = "<group>"; };
		CBB94EB129910E9500FF0F8B /* WindowController.swift */ = {isa = PBXFileReference; lastKnownFileType = sourcecode.swift; path = WindowController.swift; sourceTree = "<group>"; };
		CBB94EB42991359B00FF0F8B /* Base */ = {isa = PBXFileReference; lastKnownFileType = file.storyboard; name = Base; path = Base.lproj/Main.storyboard; sourceTree = "<group>"; };
		CBB94EB829914F1900FF0F8B /* WebViewController.swift */ = {isa = PBXFileReference; lastKnownFileType = sourcecode.swift; path = WebViewController.swift; sourceTree = "<group>"; };
		CBB94EBA2991510B00FF0F8B /* SidebarViewController.swift */ = {isa = PBXFileReference; lastKnownFileType = sourcecode.swift; path = SidebarViewController.swift; sourceTree = "<group>"; };
		CBB94EBC299154A800FF0F8B /* bundle.js */ = {isa = PBXFileReference; fileEncoding = 4; lastKnownFileType = sourcecode.javascript; path = bundle.js; sourceTree = "<group>"; };
		CBB94EBD299154A800FF0F8B /* index.html */ = {isa = PBXFileReference; fileEncoding = 4; lastKnownFileType = text.html; path = index.html; sourceTree = "<group>"; };
		CBB94EC02992A94900FF0F8B /* global.css */ = {isa = PBXFileReference; fileEncoding = 4; lastKnownFileType = text.css; path = global.css; sourceTree = "<group>"; };
/* End PBXFileReference section */

/* Begin PBXFrameworksBuildPhase section */
		CBB94E9929910BEB00FF0F8B /* Frameworks */ = {
			isa = PBXFrameworksBuildPhase;
			buildActionMask = 2147483647;
			files = (
			);
			runOnlyForDeploymentPostprocessing = 0;
		};
/* End PBXFrameworksBuildPhase section */

/* Begin PBXGroup section */
		CBB94E9329910BEB00FF0F8B = {
			isa = PBXGroup;
			children = (
				CBB94E9E29910BEB00FF0F8B /* Motes */,
				CBB94E9D29910BEB00FF0F8B /* Products */,
			);
			sourceTree = "<group>";
		};
		CBB94E9D29910BEB00FF0F8B /* Products */ = {
			isa = PBXGroup;
			children = (
				CBB94E9C29910BEB00FF0F8B /* Motes.app */,
			);
			name = Products;
			sourceTree = "<group>";
		};
		CBB94E9E29910BEB00FF0F8B /* Motes */ = {
			isa = PBXGroup;
			children = (
				CBB94EC02992A94900FF0F8B /* global.css */,
				CBB94EBC299154A800FF0F8B /* bundle.js */,
				CBB94EBD299154A800FF0F8B /* index.html */,
				CBB94E9F29910BEB00FF0F8B /* AppDelegate.swift */,
				CBB94EB129910E9500FF0F8B /* WindowController.swift */,
				CBB94EB32991359B00FF0F8B /* Main.storyboard */,
				CBB94EA629910BEC00FF0F8B /* Assets.xcassets */,
				CBB94EAB29910BEC00FF0F8B /* Motes.entitlements */,
				CBB94EA329910BEB00FF0F8B /* Motes.xcdatamodeld */,
				CBB94EB829914F1900FF0F8B /* WebViewController.swift */,
				CBB94EBA2991510B00FF0F8B /* SidebarViewController.swift */,
				CB5966E52997F84E00378ED2 /* NotesViewController.swift */,
				CB5966E62997F84E00378ED2 /* NotesViewController.xib */,
				CB5966E92997F96000378ED2 /* FavoritesViewController.swift */,
				CB5966EA2997F96000378ED2 /* FavoritesViewController.xib */,
				CB5966ED2997F99C00378ED2 /* RecentsViewController.swift */,
				CB5966EE2997F99C00378ED2 /* RecentsViewController.xib */,
				CB5966F12997F9C700378ED2 /* TrashViewController.swift */,
				CB5966F22997F9C700378ED2 /* TrashViewController.xib */,
				CB5966F52997F9F700378ED2 /* AllNotesViewController.swift */,
				CB5966F62997F9F700378ED2 /* AllNotesViewController.xib */,
			);
			path = Motes;
			sourceTree = "<group>";
		};
/* End PBXGroup section */

/* Begin PBXNativeTarget section */
		CBB94E9B29910BEB00FF0F8B /* Motes */ = {
			isa = PBXNativeTarget;
			buildConfigurationList = CBB94EAE29910BEC00FF0F8B /* Build configuration list for PBXNativeTarget "Motes" */;
			buildPhases = (
				CBB94E9829910BEB00FF0F8B /* Sources */,
				CBB94E9929910BEB00FF0F8B /* Frameworks */,
				CBB94E9A29910BEB00FF0F8B /* Resources */,
			);
			buildRules = (
			);
			dependencies = (
			);
			name = Motes;
			productName = Motes;
			productReference = CBB94E9C29910BEB00FF0F8B /* Motes.app */;
			productType = "com.apple.product-type.application";
		};
/* End PBXNativeTarget section */

/* Begin PBXProject section */
		CBB94E9429910BEB00FF0F8B /* Project object */ = {
			isa = PBXProject;
			attributes = {
				BuildIndependentTargetsInParallel = 1;
				LastSwiftUpdateCheck = 1420;
				LastUpgradeCheck = 1420;
				TargetAttributes = {
					CBB94E9B29910BEB00FF0F8B = {
						CreatedOnToolsVersion = 14.2;
					};
				};
			};
			buildConfigurationList = CBB94E9729910BEB00FF0F8B /* Build configuration list for PBXProject "Motes" */;
			compatibilityVersion = "Xcode 14.0";
			developmentRegion = en;
			hasScannedForEncodings = 0;
			knownRegions = (
				en,
				Base,
			);
			mainGroup = CBB94E9329910BEB00FF0F8B;
			productRefGroup = CBB94E9D29910BEB00FF0F8B /* Products */;
			projectDirPath = "";
			projectRoot = "";
			targets = (
				CBB94E9B29910BEB00FF0F8B /* Motes */,
			);
		};
/* End PBXProject section */

/* Begin PBXResourcesBuildPhase section */
		CBB94E9A29910BEB00FF0F8B /* Resources */ = {
			isa = PBXResourcesBuildPhase;
			buildActionMask = 2147483647;
			files = (
				CBB94EA729910BEC00FF0F8B /* Assets.xcassets in Resources */,
				CBB94EBF299154A800FF0F8B /* index.html in Resources */,
				CB5966E82997F84E00378ED2 /* NotesViewController.xib in Resources */,
				CBB94EC12992A94900FF0F8B /* global.css in Resources */,
				CB5966EC2997F96000378ED2 /* FavoritesViewController.xib in Resources */,
				CB5966F42997F9C700378ED2 /* TrashViewController.xib in Resources */,
				CB5966F82997F9F700378ED2 /* AllNotesViewController.xib in Resources */,
				CB5966F02997F99C00378ED2 /* RecentsViewController.xib in Resources */,
				CBB94EB52991359B00FF0F8B /* Main.storyboard in Resources */,
				CBB94EBE299154A800FF0F8B /* bundle.js in Resources */,
			);
			runOnlyForDeploymentPostprocessing = 0;
		};
/* End PBXResourcesBuildPhase section */

/* Begin PBXSourcesBuildPhase section */
		CBB94E9829910BEB00FF0F8B /* Sources */ = {
			isa = PBXSourcesBuildPhase;
			buildActionMask = 2147483647;
			files = (
				CBB94EBB2991510B00FF0F8B /* SidebarViewController.swift in Sources */,
				CB5966EF2997F99C00378ED2 /* RecentsViewController.swift in Sources */,
				CB5966F72997F9F700378ED2 /* AllNotesViewController.swift in Sources */,
				CBB94EA029910BEB00FF0F8B /* AppDelegate.swift in Sources */,
				CB5966F32997F9C700378ED2 /* TrashViewController.swift in Sources */,
				CB5966EB2997F96000378ED2 /* FavoritesViewController.swift in Sources */,
				CB5966E72997F84E00378ED2 /* NotesViewController.swift in Sources */,
				CBB94EB929914F1900FF0F8B /* WebViewController.swift in Sources */,
				CBB94EB229910E9500FF0F8B /* WindowController.swift in Sources */,
				CBB94EA529910BEB00FF0F8B /* Motes.xcdatamodeld in Sources */,
			);
			runOnlyForDeploymentPostprocessing = 0;
		};
/* End PBXSourcesBuildPhase section */

/* Begin PBXVariantGroup section */
		CBB94EB32991359B00FF0F8B /* Main.storyboard */ = {
			isa = PBXVariantGroup;
			children = (
				CBB94EB42991359B00FF0F8B /* Base */,
			);
			name = Main.storyboard;
			sourceTree = "<group>";
		};
/* End PBXVariantGroup section */

/* Begin XCBuildConfiguration section */
		CBB94EAC29910BEC00FF0F8B /* Debug */ = {
			isa = XCBuildConfiguration;
			buildSettings = {
				ALWAYS_SEARCH_USER_PATHS = NO;
				CLANG_ANALYZER_NONNULL = YES;
				CLANG_ANALYZER_NUMBER_OBJECT_CONVERSION = YES_AGGRESSIVE;
				CLANG_CXX_LANGUAGE_STANDARD = "gnu++20";
				CLANG_ENABLE_MODULES = YES;
				CLANG_ENABLE_OBJC_ARC = YES;
				CLANG_ENABLE_OBJC_WEAK = YES;
				CLANG_WARN_BLOCK_CAPTURE_AUTORELEASING = YES;
				CLANG_WARN_BOOL_CONVERSION = YES;
				CLANG_WARN_COMMA = YES;
				CLANG_WARN_CONSTANT_CONVERSION = YES;
				CLANG_WARN_DEPRECATED_OBJC_IMPLEMENTATIONS = YES;
				CLANG_WARN_DIRECT_OBJC_ISA_USAGE = YES_ERROR;
				CLANG_WARN_DOCUMENTATION_COMMENTS = YES;
				CLANG_WARN_EMPTY_BODY = YES;
				CLANG_WARN_ENUM_CONVERSION = YES;
				CLANG_WARN_INFINITE_RECURSION = YES;
				CLANG_WARN_INT_CONVERSION = YES;
				CLANG_WARN_NON_LITERAL_NULL_CONVERSION = YES;
				CLANG_WARN_OBJC_IMPLICIT_RETAIN_SELF = YES;
				CLANG_WARN_OBJC_LITERAL_CONVERSION = YES;
				CLANG_WARN_OBJC_ROOT_CLASS = YES_ERROR;
				CLANG_WARN_QUOTED_INCLUDE_IN_FRAMEWORK_HEADER = YES;
				CLANG_WARN_RANGE_LOOP_ANALYSIS = YES;
				CLANG_WARN_STRICT_PROTOTYPES = YES;
				CLANG_WARN_SUSPICIOUS_MOVE = YES;
				CLANG_WARN_UNGUARDED_AVAILABILITY = YES_AGGRESSIVE;
				CLANG_WARN_UNREACHABLE_CODE = YES;
				CLANG_WARN__DUPLICATE_METHOD_MATCH = YES;
				COPY_PHASE_STRIP = NO;
				DEBUG_INFORMATION_FORMAT = dwarf;
				ENABLE_STRICT_OBJC_MSGSEND = YES;
				ENABLE_TESTABILITY = YES;
				GCC_C_LANGUAGE_STANDARD = gnu11;
				GCC_DYNAMIC_NO_PIC = NO;
				GCC_NO_COMMON_BLOCKS = YES;
				GCC_OPTIMIZATION_LEVEL = 0;
				GCC_PREPROCESSOR_DEFINITIONS = (
					"DEBUG=1",
					"$(inherited)",
				);
				GCC_WARN_64_TO_32_BIT_CONVERSION = YES;
				GCC_WARN_ABOUT_RETURN_TYPE = YES_ERROR;
				GCC_WARN_UNDECLARED_SELECTOR = YES;
				GCC_WARN_UNINITIALIZED_AUTOS = YES_AGGRESSIVE;
				GCC_WARN_UNUSED_FUNCTION = YES;
				GCC_WARN_UNUSED_VARIABLE = YES;
				MACOSX_DEPLOYMENT_TARGET = 12.6;
				MTL_ENABLE_DEBUG_INFO = INCLUDE_SOURCE;
				MTL_FAST_MATH = YES;
				ONLY_ACTIVE_ARCH = YES;
				SDKROOT = macosx;
				SWIFT_ACTIVE_COMPILATION_CONDITIONS = DEBUG;
				SWIFT_OPTIMIZATION_LEVEL = "-Onone";
			};
			name = Debug;
		};
		CBB94EAD29910BEC00FF0F8B /* Release */ = {
			isa = XCBuildConfiguration;
			buildSettings = {
				ALWAYS_SEARCH_USER_PATHS = NO;
				CLANG_ANALYZER_NONNULL = YES;
				CLANG_ANALYZER_NUMBER_OBJECT_CONVERSION = YES_AGGRESSIVE;
				CLANG_CXX_LANGUAGE_STANDARD = "gnu++20";
				CLANG_ENABLE_MODULES = YES;
				CLANG_ENABLE_OBJC_ARC = YES;
				CLANG_ENABLE_OBJC_WEAK = YES;
				CLANG_WARN_BLOCK_CAPTURE_AUTORELEASING = YES;
				CLANG_WARN_BOOL_CONVERSION = YES;
				CLANG_WARN_COMMA = YES;
				CLANG_WARN_CONSTANT_CONVERSION = YES;
				CLANG_WARN_DEPRECATED_OBJC_IMPLEMENTATIONS = YES;
				CLANG_WARN_DIRECT_OBJC_ISA_USAGE = YES_ERROR;
				CLANG_WARN_DOCUMENTATION_COMMENTS = YES;
				CLANG_WARN_EMPTY_BODY = YES;
				CLANG_WARN_ENUM_CONVERSION = YES;
				CLANG_WARN_INFINITE_RECURSION = YES;
				CLANG_WARN_INT_CONVERSION = YES;
				CLANG_WARN_NON_LITERAL_NULL_CONVERSION = YES;
				CLANG_WARN_OBJC_IMPLICIT_RETAIN_SELF = YES;
				CLANG_WARN_OBJC_LITERAL_CONVERSION = YES;
				CLANG_WARN_OBJC_ROOT_CLASS = YES_ERROR;
				CLANG_WARN_QUOTED_INCLUDE_IN_FRAMEWORK_HEADER = YES;
				CLANG_WARN_RANGE_LOOP_ANALYSIS = YES;
				CLANG_WARN_STRICT_PROTOTYPES = YES;
				CLANG_WARN_SUSPICIOUS_MOVE = YES;
				CLANG_WARN_UNGUARDED_AVAILABILITY = YES_AGGRESSIVE;
				CLANG_WARN_UNREACHABLE_CODE = YES;
				CLANG_WARN__DUPLICATE_METHOD_MATCH = YES;
				COPY_PHASE_STRIP = NO;
				DEBUG_INFORMATION_FORMAT = "dwarf-with-dsym";
				ENABLE_NS_ASSERTIONS = NO;
				ENABLE_STRICT_OBJC_MSGSEND = YES;
				GCC_C_LANGUAGE_STANDARD = gnu11;
				GCC_NO_COMMON_BLOCKS = YES;
				GCC_WARN_64_TO_32_BIT_CONVERSION = YES;
				GCC_WARN_ABOUT_RETURN_TYPE = YES_ERROR;
				GCC_WARN_UNDECLARED_SELECTOR = YES;
				GCC_WARN_UNINITIALIZED_AUTOS = YES_AGGRESSIVE;
				GCC_WARN_UNUSED_FUNCTION = YES;
				GCC_WARN_UNUSED_VARIABLE = YES;
				MACOSX_DEPLOYMENT_TARGET = 12.6;
				MTL_ENABLE_DEBUG_INFO = NO;
				MTL_FAST_MATH = YES;
				SDKROOT = macosx;
				SWIFT_COMPILATION_MODE = wholemodule;
				SWIFT_OPTIMIZATION_LEVEL = "-O";
			};
			name = Release;
		};
		CBB94EAF29910BEC00FF0F8B /* Debug */ = {
			isa = XCBuildConfiguration;
			buildSettings = {
				ASSETCATALOG_COMPILER_APPICON_NAME = AppIcon;
				ASSETCATALOG_COMPILER_GLOBAL_ACCENT_COLOR_NAME = AccentColor;
				CODE_SIGN_ENTITLEMENTS = Motes/Motes.entitlements;
				CODE_SIGN_STYLE = Automatic;
				COMBINE_HIDPI_IMAGES = YES;
				CURRENT_PROJECT_VERSION = 1;
				DEVELOPMENT_TEAM = 28TMRFWBQ3;
				ENABLE_HARDENED_RUNTIME = YES;
				GENERATE_INFOPLIST_FILE = YES;
				INFOPLIST_KEY_NSHumanReadableCopyright = "";
				INFOPLIST_KEY_NSMainStoryboardFile = Main;
				INFOPLIST_KEY_NSPrincipalClass = NSApplication;
				LD_RUNPATH_SEARCH_PATHS = (
					"$(inherited)",
					"@executable_path/../Frameworks",
				);
				MARKETING_VERSION = 1.0;
				PRODUCT_BUNDLE_IDENTIFIER = org.github.charlie.Motes;
				PRODUCT_NAME = "$(TARGET_NAME)";
				SWIFT_EMIT_LOC_STRINGS = YES;
				SWIFT_VERSION = 5.0;
			};
			name = Debug;
		};
		CBB94EB029910BEC00FF0F8B /* Release */ = {
			isa = XCBuildConfiguration;
			buildSettings = {
				ASSETCATALOG_COMPILER_APPICON_NAME = AppIcon;
				ASSETCATALOG_COMPILER_GLOBAL_ACCENT_COLOR_NAME = AccentColor;
				CODE_SIGN_ENTITLEMENTS = Motes/Motes.entitlements;
				CODE_SIGN_STYLE = Automatic;
				COMBINE_HIDPI_IMAGES = YES;
				CURRENT_PROJECT_VERSION = 1;
				DEVELOPMENT_TEAM = 28TMRFWBQ3;
				ENABLE_HARDENED_RUNTIME = YES;
				GENERATE_INFOPLIST_FILE = YES;
				INFOPLIST_KEY_NSHumanReadableCopyright = "";
				INFOPLIST_KEY_NSMainStoryboardFile = Main;
				INFOPLIST_KEY_NSPrincipalClass = NSApplication;
				LD_RUNPATH_SEARCH_PATHS = (
					"$(inherited)",
					"@executable_path/../Frameworks",
				);
				MARKETING_VERSION = 1.0;
				PRODUCT_BUNDLE_IDENTIFIER = org.github.charlie.Motes;
				PRODUCT_NAME = "$(TARGET_NAME)";
				SWIFT_EMIT_LOC_STRINGS = YES;
				SWIFT_VERSION = 5.0;
			};
			name = Release;
		};
/* End XCBuildConfiguration section */

/* Begin XCConfigurationList section */
		CBB94E9729910BEB00FF0F8B /* Build configuration list for PBXProject "Motes" */ = {
			isa = XCConfigurationList;
			buildConfigurations = (
				CBB94EAC29910BEC00FF0F8B /* Debug */,
				CBB94EAD29910BEC00FF0F8B /* Release */,
			);
			defaultConfigurationIsVisible = 0;
			defaultConfigurationName = Release;
		};
		CBB94EAE29910BEC00FF0F8B /* Build configuration list for PBXNativeTarget "Motes" */ = {
			isa = XCConfigurationList;
			buildConfigurations = (
				CBB94EAF29910BEC00FF0F8B /* Debug */,
				CBB94EB029910BEC00FF0F8B /* Release */,
			);
			defaultConfigurationIsVisible = 0;
			defaultConfigurationName = Release;
		};
/* End XCConfigurationList section */

/* Begin XCVersionGroup section */
		CBB94EA329910BEB00FF0F8B /* Motes.xcdatamodeld */ = {
			isa = XCVersionGroup;
			children = (
				CBB94EA429910BEB00FF0F8B /* Motes.xcdatamodel */,
			);
			currentVersion = CBB94EA429910BEB00FF0F8B /* Motes.xcdatamodel */;
			path = Motes.xcdatamodeld;
			sourceTree = "<group>";
			versionGroupType = wrapper.xcdatamodel;
		};
/* End XCVersionGroup section */
	};
	rootObject = CBB94E9429910BEB00FF0F8B /* Project object */;
}
